// !$*UTF8*$!
{
	archiveVersion = 1;
	classes = {
	};
	objectVersion = 46;
	objects = {

/* Begin PBXBuildFile section */
		7086BE911E6A677A00842A4E /* Regex.swift in Sources */ = {isa = PBXBuildFile; fileRef = 70AB059B1E6A5C07004F0B50 /* Regex.swift */; };
		7086BE931E6A686E00842A4E /* TestSourceExpect.txt in Resources */ = {isa = PBXBuildFile; fileRef = 7086BE921E6A686E00842A4E /* TestSourceExpect.txt */; };
		7086BE951E6A68D800842A4E /* ConverterTests.swift in Sources */ = {isa = PBXBuildFile; fileRef = 7086BE941E6A68D800842A4E /* ConverterTests.swift */; };
		7086BE971E6A68EB00842A4E /* TestSource.txt in Resources */ = {isa = PBXBuildFile; fileRef = 7086BE961E6A68EB00842A4E /* TestSource.txt */; };
		7086BE9B1E6A83E200842A4E /* Functions.swift in Sources */ = {isa = PBXBuildFile; fileRef = 7086BE9A1E6A83E200842A4E /* Functions.swift */; };
		7086BE9C1E6A83E200842A4E /* Functions.swift in Sources */ = {isa = PBXBuildFile; fileRef = 7086BE9A1E6A83E200842A4E /* Functions.swift */; };
		7086BE9E1E6A840800842A4E /* Extensions.swift in Sources */ = {isa = PBXBuildFile; fileRef = 7086BE9D1E6A840800842A4E /* Extensions.swift */; };
		7086BE9F1E6A840800842A4E /* Extensions.swift in Sources */ = {isa = PBXBuildFile; fileRef = 7086BE9D1E6A840800842A4E /* Extensions.swift */; };
		7086BEA11E6A842300842A4E /* Converter.swift in Sources */ = {isa = PBXBuildFile; fileRef = 7086BEA01E6A842300842A4E /* Converter.swift */; };
		7086BEA21E6A842300842A4E /* Converter.swift in Sources */ = {isa = PBXBuildFile; fileRef = 7086BEA01E6A842300842A4E /* Converter.swift */; };
		7086BEA51E6A960C00842A4E /* TestSource2.txt in Resources */ = {isa = PBXBuildFile; fileRef = 7086BEA31E6A960C00842A4E /* TestSource2.txt */; };
		7086BEA61E6A960C00842A4E /* TestSourceExpect2.txt in Resources */ = {isa = PBXBuildFile; fileRef = 7086BEA41E6A960C00842A4E /* TestSourceExpect2.txt */; };
		70AB059C1E6A5C07004F0B50 /* Regex.swift in Sources */ = {isa = PBXBuildFile; fileRef = 70AB059B1E6A5C07004F0B50 /* Regex.swift */; };
		70AB05B21E6A66BE004F0B50 /* main.swift in Sources */ = {isa = PBXBuildFile; fileRef = OBJ_9 /* main.swift */; };
		OBJ_18 /* main.swift in Sources */ = {isa = PBXBuildFile; fileRef = OBJ_9 /* main.swift */; };
/* End PBXBuildFile section */

/* Begin PBXFileReference section */
		7086BE921E6A686E00842A4E /* TestSourceExpect.txt */ = {isa = PBXFileReference; fileEncoding = 4; lastKnownFileType = text; path = TestSourceExpect.txt; sourceTree = "<group>"; };
		7086BE941E6A68D800842A4E /* ConverterTests.swift */ = {isa = PBXFileReference; fileEncoding = 4; lastKnownFileType = sourcecode.swift; path = ConverterTests.swift; sourceTree = "<group>"; };
		7086BE961E6A68EB00842A4E /* TestSource.txt */ = {isa = PBXFileReference; fileEncoding = 4; lastKnownFileType = text; path = TestSource.txt; sourceTree = "<group>"; };
		7086BE9A1E6A83E200842A4E /* Functions.swift */ = {isa = PBXFileReference; fileEncoding = 4; lastKnownFileType = sourcecode.swift; path = Functions.swift; sourceTree = SOURCE_ROOT; };
		7086BE9D1E6A840800842A4E /* Extensions.swift */ = {isa = PBXFileReference; fileEncoding = 4; lastKnownFileType = sourcecode.swift; path = Extensions.swift; sourceTree = SOURCE_ROOT; };
		7086BEA01E6A842300842A4E /* Converter.swift */ = {isa = PBXFileReference; fileEncoding = 4; lastKnownFileType = sourcecode.swift; path = Converter.swift; sourceTree = SOURCE_ROOT; };
		7086BEA31E6A960C00842A4E /* TestSource2.txt */ = {isa = PBXFileReference; fileEncoding = 4; lastKnownFileType = text; path = TestSource2.txt; sourceTree = "<group>"; };
		7086BEA41E6A960C00842A4E /* TestSourceExpect2.txt */ = {isa = PBXFileReference; fileEncoding = 4; lastKnownFileType = text; path = TestSourceExpect2.txt; sourceTree = "<group>"; };
		70AB059B1E6A5C07004F0B50 /* Regex.swift */ = {isa = PBXFileReference; fileEncoding = 4; lastKnownFileType = sourcecode.swift; path = Regex.swift; sourceTree = SOURCE_ROOT; };
		70AB05A71E6A64AB004F0B50 /* Test.xctest */ = {isa = PBXFileReference; explicitFileType = wrapper.cfbundle; includeInIndex = 0; path = Test.xctest; sourceTree = BUILT_PRODUCTS_DIR; };
		70AB05AB1E6A64AB004F0B50 /* Info.plist */ = {isa = PBXFileReference; lastKnownFileType = text.plist.xml; path = Info.plist; sourceTree = "<group>"; };
		OBJ_12 /* swift-heredoc */ = {isa = PBXFileReference; lastKnownFileType = text; path = "swift-heredoc"; sourceTree = BUILT_PRODUCTS_DIR; };
		OBJ_6 /* Package.swift */ = {isa = PBXFileReference; explicitFileType = sourcecode.swift; path = Package.swift; sourceTree = "<group>"; };
		OBJ_9 /* main.swift */ = {isa = PBXFileReference; lastKnownFileType = sourcecode.swift; path = main.swift; sourceTree = "<group>"; };
/* End PBXFileReference section */

/* Begin PBXFrameworksBuildPhase section */
		70AB05A41E6A64AB004F0B50 /* Frameworks */ = {
			isa = PBXFrameworksBuildPhase;
			buildActionMask = 2147483647;
			files = (
			);
			runOnlyForDeploymentPostprocessing = 0;
		};
		OBJ_19 /* Frameworks */ = {
			isa = PBXFrameworksBuildPhase;
			buildActionMask = 0;
			files = (
			);
			runOnlyForDeploymentPostprocessing = 0;
		};
/* End PBXFrameworksBuildPhase section */

/* Begin PBXGroup section */
		70AB05A81E6A64AB004F0B50 /* Tests */ = {
			isa = PBXGroup;
			children = (
				7086BE941E6A68D800842A4E /* ConverterTests.swift */,
				7086BE961E6A68EB00842A4E /* TestSource.txt */,
				7086BE921E6A686E00842A4E /* TestSourceExpect.txt */,
				7086BEA31E6A960C00842A4E /* TestSource2.txt */,
				7086BEA41E6A960C00842A4E /* TestSourceExpect2.txt */,
				70AB05AB1E6A64AB004F0B50 /* Info.plist */,
			);
			name = Tests;
			path = Test;
			sourceTree = "<group>";
		};
		OBJ_11 /* Products */ = {
			isa = PBXGroup;
			children = (
				OBJ_12 /* swift-heredoc */,
				70AB05A71E6A64AB004F0B50 /* Test.xctest */,
			);
			name = Products;
			sourceTree = BUILT_PRODUCTS_DIR;
		};
		OBJ_5 = {
			isa = PBXGroup;
			children = (
				OBJ_6 /* Package.swift */,
				OBJ_7 /* Sources */,
				70AB05A81E6A64AB004F0B50 /* Tests */,
				OBJ_11 /* Products */,
			);
			sourceTree = "<group>";
		};
		OBJ_7 /* Sources */ = {
			isa = PBXGroup;
			children = (
				OBJ_8 /* swift-heredoc */,
			);
			path = Sources;
			sourceTree = "<group>";
		};
		OBJ_8 /* swift-heredoc */ = {
			isa = PBXGroup;
			children = (
				OBJ_9 /* main.swift */,
				7086BEA01E6A842300842A4E /* Converter.swift */,
				7086BE9A1E6A83E200842A4E /* Functions.swift */,
				7086BE9D1E6A840800842A4E /* Extensions.swift */,
				70AB059B1E6A5C07004F0B50 /* Regex.swift */,
			);
			name = "swift-heredoc";
			path = .;
			sourceTree = SOURCE_ROOT;
		};
/* End PBXGroup section */

/* Begin PBXNativeTarget section */
		70AB05A61E6A64AB004F0B50 /* Test */ = {
			isa = PBXNativeTarget;
			buildConfigurationList = 70AB05AC1E6A64AB004F0B50 /* Build configuration list for PBXNativeTarget "Test" */;
			buildPhases = (
				70AB05A31E6A64AB004F0B50 /* Sources */,
				70AB05A41E6A64AB004F0B50 /* Frameworks */,
				70AB05A51E6A64AB004F0B50 /* Resources */,
			);
			buildRules = (
			);
			dependencies = (
			);
			name = Test;
			productName = Test;
			productReference = 70AB05A71E6A64AB004F0B50 /* Test.xctest */;
			productType = "com.apple.product-type.bundle.unit-test";
		};
		OBJ_13 /* swift-heredoc */ = {
			isa = PBXNativeTarget;
			buildConfigurationList = OBJ_14 /* Build configuration list for PBXNativeTarget "swift-heredoc" */;
			buildPhases = (
				OBJ_17 /* Sources */,
				OBJ_19 /* Frameworks */,
				70B0AEAD1E6A561700F914B0 /* ShellScript */,
			);
			buildRules = (
			);
			dependencies = (
			);
			name = "swift-heredoc";
			productName = swift_heredoc;
			productReference = OBJ_12 /* swift-heredoc */;
			productType = "com.apple.product-type.tool";
		};
/* End PBXNativeTarget section */

/* Begin PBXProject section */
		OBJ_1 /* Project object */ = {
			isa = PBXProject;
			attributes = {
				LastSwiftUpdateCheck = 0830;
				LastUpgradeCheck = 9999;
				TargetAttributes = {
					70AB05A61E6A64AB004F0B50 = {
						CreatedOnToolsVersion = 8.3;
						ProvisioningStyle = Automatic;
					};
				};
			};
			buildConfigurationList = OBJ_2 /* Build configuration list for PBXProject "swift-heredoc" */;
			compatibilityVersion = "Xcode 3.2";
			developmentRegion = English;
			hasScannedForEncodings = 0;
			knownRegions = (
				en,
			);
			mainGroup = OBJ_5;
			productRefGroup = OBJ_11 /* Products */;
			projectDirPath = "";
			projectRoot = "";
			targets = (
				OBJ_13 /* swift-heredoc */,
				70AB05A61E6A64AB004F0B50 /* Test */,
			);
		};
/* End PBXProject section */

/* Begin PBXResourcesBuildPhase section */
		70AB05A51E6A64AB004F0B50 /* Resources */ = {
			isa = PBXResourcesBuildPhase;
			buildActionMask = 2147483647;
			files = (
				7086BE931E6A686E00842A4E /* TestSourceExpect.txt in Resources */,
				7086BEA51E6A960C00842A4E /* TestSource2.txt in Resources */,
				7086BE971E6A68EB00842A4E /* TestSource.txt in Resources */,
				7086BEA61E6A960C00842A4E /* TestSourceExpect2.txt in Resources */,
			);
			runOnlyForDeploymentPostprocessing = 0;
		};
/* End PBXResourcesBuildPhase section */

/* Begin PBXShellScriptBuildPhase section */
		70B0AEAD1E6A561700F914B0 /* ShellScript */ = {
			isa = PBXShellScriptBuildPhase;
			buildActionMask = 2147483647;
			files = (
			);
			inputPaths = (
			);
			outputPaths = (
			);
			runOnlyForDeploymentPostprocessing = 0;
			shellPath = /bin/sh;
			shellScript = "cp ${BUILT_PRODUCTS_DIR}/swift-heredoc ${PROJECT_DIR}/";
		};
/* End PBXShellScriptBuildPhase section */

/* Begin PBXSourcesBuildPhase section */
		70AB05A31E6A64AB004F0B50 /* Sources */ = {
			isa = PBXSourcesBuildPhase;
			buildActionMask = 2147483647;
			files = (
				7086BE9F1E6A840800842A4E /* Extensions.swift in Sources */,
				7086BE951E6A68D800842A4E /* ConverterTests.swift in Sources */,
				7086BE911E6A677A00842A4E /* Regex.swift in Sources */,
				70AB05B21E6A66BE004F0B50 /* main.swift in Sources */,
				7086BEA21E6A842300842A4E /* Converter.swift in Sources */,
				7086BE9C1E6A83E200842A4E /* Functions.swift in Sources */,
			);
			runOnlyForDeploymentPostprocessing = 0;
		};
		OBJ_17 /* Sources */ = {
			isa = PBXSourcesBuildPhase;
			buildActionMask = 0;
			files = (
				OBJ_18 /* main.swift in Sources */,
				70AB059C1E6A5C07004F0B50 /* Regex.swift in Sources */,
				7086BE9B1E6A83E200842A4E /* Functions.swift in Sources */,
				7086BE9E1E6A840800842A4E /* Extensions.swift in Sources */,
				7086BEA11E6A842300842A4E /* Converter.swift in Sources */,
			);
			runOnlyForDeploymentPostprocessing = 0;
		};
/* End PBXSourcesBuildPhase section */

/* Begin XCBuildConfiguration section */
		70AB05AD1E6A64AB004F0B50 /* Debug */ = {
			isa = XCBuildConfiguration;
			buildSettings = {
				ALWAYS_SEARCH_USER_PATHS = NO;
				CLANG_ANALYZER_NONNULL = YES;
				CLANG_ANALYZER_NUMBER_OBJECT_CONVERSION = YES_AGGRESSIVE;
				CLANG_CXX_LANGUAGE_STANDARD = "gnu++0x";
				CLANG_CXX_LIBRARY = "libc++";
				CLANG_ENABLE_MODULES = YES;
				CLANG_ENABLE_OBJC_ARC = YES;
				CLANG_WARN_BOOL_CONVERSION = YES;
				CLANG_WARN_CONSTANT_CONVERSION = YES;
				CLANG_WARN_DIRECT_OBJC_ISA_USAGE = YES_ERROR;
				CLANG_WARN_DOCUMENTATION_COMMENTS = YES;
				CLANG_WARN_EMPTY_BODY = YES;
				CLANG_WARN_ENUM_CONVERSION = YES;
				CLANG_WARN_INFINITE_RECURSION = YES;
				CLANG_WARN_INT_CONVERSION = YES;
				CLANG_WARN_OBJC_ROOT_CLASS = YES_ERROR;
				CLANG_WARN_SUSPICIOUS_MOVE = YES;
				CLANG_WARN_UNREACHABLE_CODE = YES;
				CLANG_WARN__DUPLICATE_METHOD_MATCH = YES;
				CODE_SIGN_IDENTITY = "-";
				COMBINE_HIDPI_IMAGES = YES;
				ENABLE_STRICT_OBJC_MSGSEND = YES;
				ENABLE_TESTABILITY = YES;
				GCC_C_LANGUAGE_STANDARD = gnu99;
				GCC_DYNAMIC_NO_PIC = NO;
				GCC_NO_COMMON_BLOCKS = YES;
				GCC_PREPROCESSOR_DEFINITIONS = (
					"DEBUG=1",
					"$(inherited)",
				);
				GCC_WARN_64_TO_32_BIT_CONVERSION = YES;
				GCC_WARN_ABOUT_RETURN_TYPE = YES_ERROR;
				GCC_WARN_UNDECLARED_SELECTOR = YES;
				GCC_WARN_UNINITIALIZED_AUTOS = YES_AGGRESSIVE;
				GCC_WARN_UNUSED_FUNCTION = YES;
				GCC_WARN_UNUSED_VARIABLE = YES;
				INFOPLIST_FILE = Test/Info.plist;
				LD_RUNPATH_SEARCH_PATHS = "$(inherited) @executable_path/../Frameworks @loader_path/../Frameworks";
				MACOSX_DEPLOYMENT_TARGET = 10.12;
				MTL_ENABLE_DEBUG_INFO = YES;
				PRODUCT_BUNDLE_IDENTIFIER = edu.self.Test;
				PRODUCT_NAME = "$(TARGET_NAME)";
				SWIFT_ACTIVE_COMPILATION_CONDITIONS = DEBUG;
				SWIFT_VERSION = 3.0;
			};
			name = Debug;
		};
		70AB05AE1E6A64AB004F0B50 /* Release */ = {
			isa = XCBuildConfiguration;
			buildSettings = {
				ALWAYS_SEARCH_USER_PATHS = NO;
				CLANG_ANALYZER_NONNULL = YES;
				CLANG_ANALYZER_NUMBER_OBJECT_CONVERSION = YES_AGGRESSIVE;
				CLANG_CXX_LANGUAGE_STANDARD = "gnu++0x";
				CLANG_CXX_LIBRARY = "libc++";
				CLANG_ENABLE_MODULES = YES;
				CLANG_ENABLE_OBJC_ARC = YES;
				CLANG_WARN_BOOL_CONVERSION = YES;
				CLANG_WARN_CONSTANT_CONVERSION = YES;
				CLANG_WARN_DIRECT_OBJC_ISA_USAGE = YES_ERROR;
				CLANG_WARN_DOCUMENTATION_COMMENTS = YES;
				CLANG_WARN_EMPTY_BODY = YES;
				CLANG_WARN_ENUM_CONVERSION = YES;
				CLANG_WARN_INFINITE_RECURSION = YES;
				CLANG_WARN_INT_CONVERSION = YES;
				CLANG_WARN_OBJC_ROOT_CLASS = YES_ERROR;
				CLANG_WARN_SUSPICIOUS_MOVE = YES;
				CLANG_WARN_UNREACHABLE_CODE = YES;
				CLANG_WARN__DUPLICATE_METHOD_MATCH = YES;
				CODE_SIGN_IDENTITY = "-";
				COMBINE_HIDPI_IMAGES = YES;
				COPY_PHASE_STRIP = NO;
				ENABLE_NS_ASSERTIONS = NO;
				ENABLE_STRICT_OBJC_MSGSEND = YES;
				GCC_C_LANGUAGE_STANDARD = gnu99;
				GCC_NO_COMMON_BLOCKS = YES;
				GCC_WARN_64_TO_32_BIT_CONVERSION = YES;
				GCC_WARN_ABOUT_RETURN_TYPE = YES_ERROR;
				GCC_WARN_UNDECLARED_SELECTOR = YES;
				GCC_WARN_UNINITIALIZED_AUTOS = YES_AGGRESSIVE;
				GCC_WARN_UNUSED_FUNCTION = YES;
				GCC_WARN_UNUSED_VARIABLE = YES;
				INFOPLIST_FILE = Test/Info.plist;
				LD_RUNPATH_SEARCH_PATHS = "$(inherited) @executable_path/../Frameworks @loader_path/../Frameworks";
				MACOSX_DEPLOYMENT_TARGET = 10.12;
				MTL_ENABLE_DEBUG_INFO = NO;
				PRODUCT_BUNDLE_IDENTIFIER = edu.self.Test;
				PRODUCT_NAME = "$(TARGET_NAME)";
				SWIFT_OPTIMIZATION_LEVEL = "-Owholemodule";
				SWIFT_VERSION = 3.0;
			};
			name = Release;
		};
		OBJ_15 /* Debug */ = {
			isa = XCBuildConfiguration;
			buildSettings = {
				FRAMEWORK_SEARCH_PATHS = (
					"$(inherited)",
					"$(PLATFORM_DIR)/Developer/Library/Frameworks",
				);
				HEADER_SEARCH_PATHS = "$(inherited)";
				INFOPLIST_FILE = "swift-heredoc.xcodeproj/swift_heredoc_Info.plist";
				LD_RUNPATH_SEARCH_PATHS = "$(TOOLCHAIN_DIR)/usr/lib/swift/macosx @executable_path";
				OTHER_LDFLAGS = "$(inherited)";
				OTHER_SWIFT_FLAGS = "$(inherited)";
				SWIFT_FORCE_DYNAMIC_LINK_STDLIB = YES;
				SWIFT_FORCE_STATIC_LINK_STDLIB = NO;
				TARGET_NAME = "swift-heredoc";
			};
			name = Debug;
		};
		OBJ_16 /* Release */ = {
			isa = XCBuildConfiguration;
			buildSettings = {
				FRAMEWORK_SEARCH_PATHS = (
					"$(inherited)",
					"$(PLATFORM_DIR)/Developer/Library/Frameworks",
				);
				HEADER_SEARCH_PATHS = "$(inherited)";
				INFOPLIST_FILE = "swift-heredoc.xcodeproj/swift_heredoc_Info.plist";
				LD_RUNPATH_SEARCH_PATHS = "$(TOOLCHAIN_DIR)/usr/lib/swift/macosx @executable_path";
				OTHER_LDFLAGS = "$(inherited)";
				OTHER_SWIFT_FLAGS = "$(inherited)";
				SWIFT_FORCE_DYNAMIC_LINK_STDLIB = YES;
				SWIFT_FORCE_STATIC_LINK_STDLIB = NO;
				TARGET_NAME = "swift-heredoc";
			};
			name = Release;
		};
		OBJ_3 /* Debug */ = {
			isa = XCBuildConfiguration;
			buildSettings = {
				COMBINE_HIDPI_IMAGES = YES;
				COPY_PHASE_STRIP = NO;
				DEBUG_INFORMATION_FORMAT = dwarf;
				DYLIB_INSTALL_NAME_BASE = "@rpath";
				ENABLE_NS_ASSERTIONS = YES;
				GCC_OPTIMIZATION_LEVEL = 0;
				MACOSX_DEPLOYMENT_TARGET = 10.10;
				ONLY_ACTIVE_ARCH = YES;
				OTHER_SWIFT_FLAGS = "-DXcode";
				PRODUCT_NAME = "$(TARGET_NAME)";
				SDKROOT = macosx;
				SUPPORTED_PLATFORMS = "macosx iphoneos iphonesimulator appletvos appletvsimulator watchos watchsimulator";
				SWIFT_ACTIVE_COMPILATION_CONDITIONS = SWIFT_PACKAGE;
				SWIFT_OPTIMIZATION_LEVEL = "-Onone";
				SWIFT_VERSION = 3.0;
				USE_HEADERMAP = NO;
			};
			name = Debug;
		};
		OBJ_4 /* Release */ = {
			isa = XCBuildConfiguration;
			buildSettings = {
				COMBINE_HIDPI_IMAGES = YES;
				COPY_PHASE_STRIP = YES;
				DEBUG_INFORMATION_FORMAT = "dwarf-with-dsym";
				DYLIB_INSTALL_NAME_BASE = "@rpath";
				GCC_OPTIMIZATION_LEVEL = s;
				MACOSX_DEPLOYMENT_TARGET = 10.10;
				OTHER_SWIFT_FLAGS = "-DXcode";
				PRODUCT_NAME = "$(TARGET_NAME)";
				SDKROOT = macosx;
				SUPPORTED_PLATFORMS = "macosx iphoneos iphonesimulator appletvos appletvsimulator watchos watchsimulator";
				SWIFT_ACTIVE_COMPILATION_CONDITIONS = SWIFT_PACKAGE;
				SWIFT_OPTIMIZATION_LEVEL = "-O";
				SWIFT_VERSION = 3.0;
				USE_HEADERMAP = NO;
			};
			name = Release;
		};
/* End XCBuildConfiguration section */

/* Begin XCConfigurationList section */
		70AB05AC1E6A64AB004F0B50 /* Build configuration list for PBXNativeTarget "Test" */ = {
			isa = XCConfigurationList;
			buildConfigurations = (
				70AB05AD1E6A64AB004F0B50 /* Debug */,
				70AB05AE1E6A64AB004F0B50 /* Release */,
			);
			defaultConfigurationIsVisible = 0;
			defaultConfigurationName = Debug;
		};
		OBJ_14 /* Build configuration list for PBXNativeTarget "swift-heredoc" */ = {
			isa = XCConfigurationList;
			buildConfigurations = (
				OBJ_15 /* Debug */,
				OBJ_16 /* Release */,
			);
			defaultConfigurationIsVisible = 0;
			defaultConfigurationName = Debug;
		};
		OBJ_2 /* Build configuration list for PBXProject "swift-heredoc" */ = {
			isa = XCConfigurationList;
			buildConfigurations = (
				OBJ_3 /* Debug */,
				OBJ_4 /* Release */,
			);
			defaultConfigurationIsVisible = 0;
			defaultConfigurationName = Debug;
		};
/* End XCConfigurationList section */
	};
	rootObject = OBJ_1 /* Project object */;
}
