// !$*UTF8*$!
{
	archiveVersion = 1;
	classes = {
	};
	objectVersion = 46;
	objects = {

/* Begin PBXBuildFile section */
		701CC9591E597207005BC212 /* AppDelegate.swift in Sources */ = {isa = PBXBuildFile; fileRef = 701CC9581E597207005BC212 /* AppDelegate.swift */; };
		701CC95B1E597207005BC212 /* ViewController.swift in Sources */ = {isa = PBXBuildFile; fileRef = 701CC95A1E597207005BC212 /* ViewController.swift */; };
		701CC95E1E597207005BC212 /* Main.storyboard in Resources */ = {isa = PBXBuildFile; fileRef = 701CC95C1E597207005BC212 /* Main.storyboard */; };
		701CC9601E597207005BC212 /* Assets.xcassets in Resources */ = {isa = PBXBuildFile; fileRef = 701CC95F1E597207005BC212 /* Assets.xcassets */; };
		701CC9631E597207005BC212 /* LaunchScreen.storyboard in Resources */ = {isa = PBXBuildFile; fileRef = 701CC9611E597207005BC212 /* LaunchScreen.storyboard */; };
		701CC96E1E597207005BC212 /* SwiftHeredocExampleTests.swift in Sources */ = {isa = PBXBuildFile; fileRef = 701CC96D1E597207005BC212 /* SwiftHeredocExampleTests.swift */; };
		701CC9791E597207005BC212 /* SwiftHeredocExampleUITests.swift in Sources */ = {isa = PBXBuildFile; fileRef = 701CC9781E597207005BC212 /* SwiftHeredocExampleUITests.swift */; };
/* End PBXBuildFile section */

/* Begin PBXContainerItemProxy section */
		701CC96A1E597207005BC212 /* PBXContainerItemProxy */ = {
			isa = PBXContainerItemProxy;
			containerPortal = 701CC94D1E597207005BC212 /* Project object */;
			proxyType = 1;
			remoteGlobalIDString = 701CC9541E597207005BC212;
			remoteInfo = SwiftHeredocExample;
		};
		701CC9751E597207005BC212 /* PBXContainerItemProxy */ = {
			isa = PBXContainerItemProxy;
			containerPortal = 701CC94D1E597207005BC212 /* Project object */;
			proxyType = 1;
			remoteGlobalIDString = 701CC9541E597207005BC212;
			remoteInfo = SwiftHeredocExample;
		};
/* End PBXContainerItemProxy section */

/* Begin PBXFileReference section */
		701CC9551E597207005BC212 /* SwiftHeredocExample.app */ = {isa = PBXFileReference; explicitFileType = wrapper.application; includeInIndex = 0; path = SwiftHeredocExample.app; sourceTree = BUILT_PRODUCTS_DIR; };
		701CC9581E597207005BC212 /* AppDelegate.swift */ = {isa = PBXFileReference; lastKnownFileType = sourcecode.swift; path = AppDelegate.swift; sourceTree = "<group>"; };
		701CC95A1E597207005BC212 /* ViewController.swift */ = {isa = PBXFileReference; lastKnownFileType = sourcecode.swift; path = ViewController.swift; sourceTree = "<group>"; };
		701CC95D1E597207005BC212 /* Base */ = {isa = PBXFileReference; lastKnownFileType = file.storyboard; name = Base; path = Base.lproj/Main.storyboard; sourceTree = "<group>"; };
		701CC95F1E597207005BC212 /* Assets.xcassets */ = {isa = PBXFileReference; lastKnownFileType = folder.assetcatalog; path = Assets.xcassets; sourceTree = "<group>"; };
		701CC9621E597207005BC212 /* Base */ = {isa = PBXFileReference; lastKnownFileType = file.storyboard; name = Base; path = Base.lproj/LaunchScreen.storyboard; sourceTree = "<group>"; };
		701CC9641E597207005BC212 /* Info.plist */ = {isa = PBXFileReference; lastKnownFileType = text.plist.xml; path = Info.plist; sourceTree = "<group>"; };
		701CC9691E597207005BC212 /* SwiftHeredocExampleTests.xctest */ = {isa = PBXFileReference; explicitFileType = wrapper.cfbundle; includeInIndex = 0; path = SwiftHeredocExampleTests.xctest; sourceTree = BUILT_PRODUCTS_DIR; };
		701CC96D1E597207005BC212 /* SwiftHeredocExampleTests.swift */ = {isa = PBXFileReference; lastKnownFileType = sourcecode.swift; path = SwiftHeredocExampleTests.swift; sourceTree = "<group>"; };
		701CC96F1E597207005BC212 /* Info.plist */ = {isa = PBXFileReference; lastKnownFileType = text.plist.xml; path = Info.plist; sourceTree = "<group>"; };
		701CC9741E597207005BC212 /* SwiftHeredocExampleUITests.xctest */ = {isa = PBXFileReference; explicitFileType = wrapper.cfbundle; includeInIndex = 0; path = SwiftHeredocExampleUITests.xctest; sourceTree = BUILT_PRODUCTS_DIR; };
		701CC9781E597207005BC212 /* SwiftHeredocExampleUITests.swift */ = {isa = PBXFileReference; lastKnownFileType = sourcecode.swift; path = SwiftHeredocExampleUITests.swift; sourceTree = "<group>"; };
		701CC97A1E597207005BC212 /* Info.plist */ = {isa = PBXFileReference; lastKnownFileType = text.plist.xml; path = Info.plist; sourceTree = "<group>"; };
/* End PBXFileReference section */

/* Begin PBXFrameworksBuildPhase section */
		701CC9521E597207005BC212 /* Frameworks */ = {
			isa = PBXFrameworksBuildPhase;
			buildActionMask = 2147483647;
			files = (
			);
			runOnlyForDeploymentPostprocessing = 0;
		};
		701CC9661E597207005BC212 /* Frameworks */ = {
			isa = PBXFrameworksBuildPhase;
			buildActionMask = 2147483647;
			files = (
			);
			runOnlyForDeploymentPostprocessing = 0;
		};
		701CC9711E597207005BC212 /* Frameworks */ = {
			isa = PBXFrameworksBuildPhase;
			buildActionMask = 2147483647;
			files = (
			);
			runOnlyForDeploymentPostprocessing = 0;
		};
/* End PBXFrameworksBuildPhase section */

/* Begin PBXGroup section */
		701CC94C1E597207005BC212 = {
			isa = PBXGroup;
			children = (
				701CC9571E597207005BC212 /* SwiftHeredocExample */,
				701CC96C1E597207005BC212 /* SwiftHeredocExampleTests */,
				701CC9771E597207005BC212 /* SwiftHeredocExampleUITests */,
				701CC9561E597207005BC212 /* Products */,
			);
			sourceTree = "<group>";
		};
		701CC9561E597207005BC212 /* Products */ = {
			isa = PBXGroup;
			children = (
				701CC9551E597207005BC212 /* SwiftHeredocExample.app */,
				701CC9691E597207005BC212 /* SwiftHeredocExampleTests.xctest */,
				701CC9741E597207005BC212 /* SwiftHeredocExampleUITests.xctest */,
			);
			name = Products;
			sourceTree = "<group>";
		};
		701CC9571E597207005BC212 /* SwiftHeredocExample */ = {
			isa = PBXGroup;
			children = (
				701CC9581E597207005BC212 /* AppDelegate.swift */,
				701CC95A1E597207005BC212 /* ViewController.swift */,
				701CC95C1E597207005BC212 /* Main.storyboard */,
				701CC95F1E597207005BC212 /* Assets.xcassets */,
				701CC9611E597207005BC212 /* LaunchScreen.storyboard */,
				701CC9641E597207005BC212 /* Info.plist */,
			);
			path = SwiftHeredocExample;
			sourceTree = "<group>";
		};
		701CC96C1E597207005BC212 /* SwiftHeredocExampleTests */ = {
			isa = PBXGroup;
			children = (
				701CC96D1E597207005BC212 /* SwiftHeredocExampleTests.swift */,
				701CC96F1E597207005BC212 /* Info.plist */,
			);
			path = SwiftHeredocExampleTests;
			sourceTree = "<group>";
		};
		701CC9771E597207005BC212 /* SwiftHeredocExampleUITests */ = {
			isa = PBXGroup;
			children = (
				701CC9781E597207005BC212 /* SwiftHeredocExampleUITests.swift */,
				701CC97A1E597207005BC212 /* Info.plist */,
			);
			path = SwiftHeredocExampleUITests;
			sourceTree = "<group>";
		};
/* End PBXGroup section */

/* Begin PBXNativeTarget section */
		701CC9541E597207005BC212 /* SwiftHeredocExample */ = {
			isa = PBXNativeTarget;
			buildConfigurationList = 701CC97D1E597207005BC212 /* Build configuration list for PBXNativeTarget "SwiftHeredocExample" */;
			buildPhases = (
				701CC9861E59723F005BC212 /* Run Script - heredoc */,
				701CC9511E597207005BC212 /* Sources */,
				701CC9521E597207005BC212 /* Frameworks */,
				701CC9531E597207005BC212 /* Resources */,
			);
			buildRules = (
			);
			dependencies = (
			);
			name = SwiftHeredocExample;
			productName = SwiftHeredocExample;
			productReference = 701CC9551E597207005BC212 /* SwiftHeredocExample.app */;
			productType = "com.apple.product-type.application";
		};
		701CC9681E597207005BC212 /* SwiftHeredocExampleTests */ = {
			isa = PBXNativeTarget;
			buildConfigurationList = 701CC9801E597207005BC212 /* Build configuration list for PBXNativeTarget "SwiftHeredocExampleTests" */;
			buildPhases = (
				701CC9651E597207005BC212 /* Sources */,
				701CC9661E597207005BC212 /* Frameworks */,
				701CC9671E597207005BC212 /* Resources */,
			);
			buildRules = (
			);
			dependencies = (
				701CC96B1E597207005BC212 /* PBXTargetDependency */,
			);
			name = SwiftHeredocExampleTests;
			productName = SwiftHeredocExampleTests;
			productReference = 701CC9691E597207005BC212 /* SwiftHeredocExampleTests.xctest */;
			productType = "com.apple.product-type.bundle.unit-test";
		};
		701CC9731E597207005BC212 /* SwiftHeredocExampleUITests */ = {
			isa = PBXNativeTarget;
			buildConfigurationList = 701CC9831E597207005BC212 /* Build configuration list for PBXNativeTarget "SwiftHeredocExampleUITests" */;
			buildPhases = (
				701CC9701E597207005BC212 /* Sources */,
				701CC9711E597207005BC212 /* Frameworks */,
				701CC9721E597207005BC212 /* Resources */,
			);
			buildRules = (
			);
			dependencies = (
				701CC9761E597207005BC212 /* PBXTargetDependency */,
			);
			name = SwiftHeredocExampleUITests;
			productName = SwiftHeredocExampleUITests;
			productReference = 701CC9741E597207005BC212 /* SwiftHeredocExampleUITests.xctest */;
			productType = "com.apple.product-type.bundle.ui-testing";
		};
/* End PBXNativeTarget section */

/* Begin PBXProject section */
		701CC94D1E597207005BC212 /* Project object */ = {
			isa = PBXProject;
			attributes = {
				LastSwiftUpdateCheck = 0820;
				LastUpgradeCheck = 0830;
				ORGANIZATIONNAME = Penginmura;
				TargetAttributes = {
					701CC9541E597207005BC212 = {
						CreatedOnToolsVersion = 8.3;
						ProvisioningStyle = Automatic;
					};
					701CC9681E597207005BC212 = {
						CreatedOnToolsVersion = 8.3;
						ProvisioningStyle = Automatic;
						TestTargetID = 701CC9541E597207005BC212;
					};
					701CC9731E597207005BC212 = {
						CreatedOnToolsVersion = 8.3;
						ProvisioningStyle = Automatic;
						TestTargetID = 701CC9541E597207005BC212;
					};
				};
			};
			buildConfigurationList = 701CC9501E597207005BC212 /* Build configuration list for PBXProject "SwiftHeredocExample" */;
			compatibilityVersion = "Xcode 3.2";
			developmentRegion = English;
			hasScannedForEncodings = 0;
			knownRegions = (
				en,
				Base,
			);
			mainGroup = 701CC94C1E597207005BC212;
			productRefGroup = 701CC9561E597207005BC212 /* Products */;
			projectDirPath = "";
			projectRoot = "";
			targets = (
				701CC9541E597207005BC212 /* SwiftHeredocExample */,
				701CC9681E597207005BC212 /* SwiftHeredocExampleTests */,
				701CC9731E597207005BC212 /* SwiftHeredocExampleUITests */,
			);
		};
/* End PBXProject section */

/* Begin PBXResourcesBuildPhase section */
		701CC9531E597207005BC212 /* Resources */ = {
			isa = PBXResourcesBuildPhase;
			buildActionMask = 2147483647;
			files = (
				701CC9631E597207005BC212 /* LaunchScreen.storyboard in Resources */,
				701CC9601E597207005BC212 /* Assets.xcassets in Resources */,
				701CC95E1E597207005BC212 /* Main.storyboard in Resources */,
			);
			runOnlyForDeploymentPostprocessing = 0;
		};
		701CC9671E597207005BC212 /* Resources */ = {
			isa = PBXResourcesBuildPhase;
			buildActionMask = 2147483647;
			files = (
			);
			runOnlyForDeploymentPostprocessing = 0;
		};
		701CC9721E597207005BC212 /* Resources */ = {
			isa = PBXResourcesBuildPhase;
			buildActionMask = 2147483647;
			files = (
			);
			runOnlyForDeploymentPostprocessing = 0;
		};
/* End PBXResourcesBuildPhase section */

/* Begin PBXShellScriptBuildPhase section */
		701CC9861E59723F005BC212 /* Run Script - heredoc */ = {
			isa = PBXShellScriptBuildPhase;
			buildActionMask = 2147483647;
			files = (
			);
			inputPaths = (
			);
			name = "Run Script - heredoc";
			outputPaths = (
			);
			runOnlyForDeploymentPostprocessing = 0;
			shellPath = /bin/sh;
			shellScript = "echo '### Swift heredoc'\necho \"--- ${PROJECT_DIR} ---\"\n${PROJECT_DIR}/swift-heredoc/swift-heredoc \"${SRCROOT}/SwiftHeredocExample\"";
		};
/* End PBXShellScriptBuildPhase section */

/* Begin PBXSourcesBuildPhase section */
		701CC9511E597207005BC212 /* Sources */ = {
			isa = PBXSourcesBuildPhase;
			buildActionMask = 2147483647;
			files = (
				701CC95B1E597207005BC212 /* ViewController.swift in Sources */,
				701CC9591E597207005BC212 /* AppDelegate.swift in Sources */,
			);
			runOnlyForDeploymentPostprocessing = 0;
		};
		701CC9651E597207005BC212 /* Sources */ = {
			isa = PBXSourcesBuildPhase;
			buildActionMask = 2147483647;
			files = (
				701CC96E1E597207005BC212 /* SwiftHeredocExampleTests.swift in Sources */,
			);
			runOnlyForDeploymentPostprocessing = 0;
		};
		701CC9701E597207005BC212 /* Sources */ = {
			isa = PBXSourcesBuildPhase;
			buildActionMask = 2147483647;
			files = (
				701CC9791E597207005BC212 /* SwiftHeredocExampleUITests.swift in Sources */,
			);
			runOnlyForDeploymentPostprocessing = 0;
		};
/* End PBXSourcesBuildPhase section */

/* Begin PBXTargetDependency section */
		701CC96B1E597207005BC212 /* PBXTargetDependency */ = {
			isa = PBXTargetDependency;
			target = 701CC9541E597207005BC212 /* SwiftHeredocExample */;
			targetProxy = 701CC96A1E597207005BC212 /* PBXContainerItemProxy */;
		};
		701CC9761E597207005BC212 /* PBXTargetDependency */ = {
			isa = PBXTargetDependency;
			target = 701CC9541E597207005BC212 /* SwiftHeredocExample */;
			targetProxy = 701CC9751E597207005BC212 /* PBXContainerItemProxy */;
		};
/* End PBXTargetDependency section */

/* Begin PBXVariantGroup section */
		701CC95C1E597207005BC212 /* Main.storyboard */ = {
			isa = PBXVariantGroup;
			children = (
				701CC95D1E597207005BC212 /* Base */,
			);
			name = Main.storyboard;
			sourceTree = "<group>";
		};
		701CC9611E597207005BC212 /* LaunchScreen.storyboard */ = {
			isa = PBXVariantGroup;
			children = (
				701CC9621E597207005BC212 /* Base */,
			);
			name = LaunchScreen.storyboard;
			sourceTree = "<group>";
		};
/* End PBXVariantGroup section */

/* Begin XCBuildConfiguration section */
		701CC97B1E597207005BC212 /* Debug */ = {
			isa = XCBuildConfiguration;
			buildSettings = {
				ALWAYS_SEARCH_USER_PATHS = NO;
				CLANG_ANALYZER_NONNULL = YES;
				CLANG_ANALYZER_NUMBER_OBJECT_CONVERSION = YES_AGGRESSIVE;
				CLANG_CXX_LANGUAGE_STANDARD = "gnu++0x";
				CLANG_CXX_LIBRARY = "libc++";
				CLANG_ENABLE_MODULES = YES;
				CLANG_ENABLE_OBJC_ARC = YES;
				CLANG_WARN_BOOL_CONVERSION = YES;
				CLANG_WARN_CONSTANT_CONVERSION = YES;
				CLANG_WARN_DIRECT_OBJC_ISA_USAGE = YES_ERROR;
				CLANG_WARN_DOCUMENTATION_COMMENTS = YES;
				CLANG_WARN_EMPTY_BODY = YES;
				CLANG_WARN_ENUM_CONVERSION = YES;
				CLANG_WARN_INFINITE_RECURSION = YES;
				CLANG_WARN_INT_CONVERSION = YES;
				CLANG_WARN_OBJC_ROOT_CLASS = YES_ERROR;
				CLANG_WARN_SUSPICIOUS_MOVE = YES;
				CLANG_WARN_UNREACHABLE_CODE = YES;
				CLANG_WARN__DUPLICATE_METHOD_MATCH = YES;
				"CODE_SIGN_IDENTITY[sdk=iphoneos*]" = "iPhone Developer";
				COPY_PHASE_STRIP = NO;
				DEBUG_INFORMATION_FORMAT = dwarf;
				ENABLE_STRICT_OBJC_MSGSEND = YES;
				ENABLE_TESTABILITY = YES;
				GCC_C_LANGUAGE_STANDARD = gnu99;
				GCC_DYNAMIC_NO_PIC = NO;
				GCC_NO_COMMON_BLOCKS = YES;
				GCC_OPTIMIZATION_LEVEL = 0;
				GCC_PREPROCESSOR_DEFINITIONS = (
					"DEBUG=1",
					"$(inherited)",
				);
				GCC_WARN_64_TO_32_BIT_CONVERSION = YES;
				GCC_WARN_ABOUT_RETURN_TYPE = YES_ERROR;
				GCC_WARN_UNDECLARED_SELECTOR = YES;
				GCC_WARN_UNINITIALIZED_AUTOS = YES_AGGRESSIVE;
				GCC_WARN_UNUSED_FUNCTION = YES;
				GCC_WARN_UNUSED_VARIABLE = YES;
				IPHONEOS_DEPLOYMENT_TARGET = 10.3;
				MTL_ENABLE_DEBUG_INFO = YES;
				ONLY_ACTIVE_ARCH = YES;
				SDKROOT = iphoneos;
				SWIFT_ACTIVE_COMPILATION_CONDITIONS = DEBUG;
				SWIFT_OPTIMIZATION_LEVEL = "-Onone";
			};
			name = Debug;
		};
		701CC97C1E597207005BC212 /* Release */ = {
			isa = XCBuildConfiguration;
			buildSettings = {
				ALWAYS_SEARCH_USER_PATHS = NO;
				CLANG_ANALYZER_NONNULL = YES;
				CLANG_ANALYZER_NUMBER_OBJECT_CONVERSION = YES_AGGRESSIVE;
				CLANG_CXX_LANGUAGE_STANDARD = "gnu++0x";
				CLANG_CXX_LIBRARY = "libc++";
				CLANG_ENABLE_MODULES = YES;
				CLANG_ENABLE_OBJC_ARC = YES;
				CLANG_WARN_BOOL_CONVERSION = YES;
				CLANG_WARN_CONSTANT_CONVERSION = YES;
				CLANG_WARN_DIRECT_OBJC_ISA_USAGE = YES_ERROR;
				CLANG_WARN_DOCUMENTATION_COMMENTS = YES;
				CLANG_WARN_EMPTY_BODY = YES;
				CLANG_WARN_ENUM_CONVERSION = YES;
				CLANG_WARN_INFINITE_RECURSION = YES;
				CLANG_WARN_INT_CONVERSION = YES;
				CLANG_WARN_OBJC_ROOT_CLASS = YES_ERROR;
				CLANG_WARN_SUSPICIOUS_MOVE = YES;
				CLANG_WARN_UNREACHABLE_CODE = YES;
				CLANG_WARN__DUPLICATE_METHOD_MATCH = YES;
				"CODE_SIGN_IDENTITY[sdk=iphoneos*]" = "iPhone Developer";
				COPY_PHASE_STRIP = NO;
				DEBUG_INFORMATION_FORMAT = "dwarf-with-dsym";
				ENABLE_NS_ASSERTIONS = NO;
				ENABLE_STRICT_OBJC_MSGSEND = YES;
				GCC_C_LANGUAGE_STANDARD = gnu99;
				GCC_NO_COMMON_BLOCKS = YES;
				GCC_WARN_64_TO_32_BIT_CONVERSION = YES;
				GCC_WARN_ABOUT_RETURN_TYPE = YES_ERROR;
				GCC_WARN_UNDECLARED_SELECTOR = YES;
				GCC_WARN_UNINITIALIZED_AUTOS = YES_AGGRESSIVE;
				GCC_WARN_UNUSED_FUNCTION = YES;
				GCC_WARN_UNUSED_VARIABLE = YES;
				IPHONEOS_DEPLOYMENT_TARGET = 10.3;
				MTL_ENABLE_DEBUG_INFO = NO;
				SDKROOT = iphoneos;
				SWIFT_OPTIMIZATION_LEVEL = "-Owholemodule";
				VALIDATE_PRODUCT = YES;
			};
			name = Release;
		};
		701CC97E1E597207005BC212 /* Debug */ = {
			isa = XCBuildConfiguration;
			buildSettings = {
				ASSETCATALOG_COMPILER_APPICON_NAME = AppIcon;
				INFOPLIST_FILE = SwiftHeredocExample/Info.plist;
				IPHONEOS_DEPLOYMENT_TARGET = 10.0;
				LD_RUNPATH_SEARCH_PATHS = "$(inherited) @executable_path/Frameworks";
				PRODUCT_BUNDLE_IDENTIFIER = edu.self.SwiftHeredocExample;
				PRODUCT_NAME = "$(TARGET_NAME)";
				SWIFT_VERSION = 3.0;
			};
			name = Debug;
		};
		701CC97F1E597207005BC212 /* Release */ = {
			isa = XCBuildConfiguration;
			buildSettings = {
				ASSETCATALOG_COMPILER_APPICON_NAME = AppIcon;
				INFOPLIST_FILE = SwiftHeredocExample/Info.plist;
				IPHONEOS_DEPLOYMENT_TARGET = 10.0;
				LD_RUNPATH_SEARCH_PATHS = "$(inherited) @executable_path/Frameworks";
				PRODUCT_BUNDLE_IDENTIFIER = edu.self.SwiftHeredocExample;
				PRODUCT_NAME = "$(TARGET_NAME)";
				SWIFT_VERSION = 3.0;
			};
			name = Release;
		};
		701CC9811E597207005BC212 /* Debug */ = {
			isa = XCBuildConfiguration;
			buildSettings = {
				ALWAYS_EMBED_SWIFT_STANDARD_LIBRARIES = YES;
				BUNDLE_LOADER = "$(TEST_HOST)";
				INFOPLIST_FILE = SwiftHeredocExampleTests/Info.plist;
				LD_RUNPATH_SEARCH_PATHS = "$(inherited) @executable_path/Frameworks @loader_path/Frameworks";
				PRODUCT_BUNDLE_IDENTIFIER = edu.self.SwiftHeredocExampleTests;
				PRODUCT_NAME = "$(TARGET_NAME)";
				SWIFT_VERSION = 3.0;
				TEST_HOST = "$(BUILT_PRODUCTS_DIR)/SwiftHeredocExample.app/SwiftHeredocExample";
			};
			name = Debug;
		};
		701CC9821E597207005BC212 /* Release */ = {
			isa = XCBuildConfiguration;
			buildSettings = {
				ALWAYS_EMBED_SWIFT_STANDARD_LIBRARIES = YES;
				BUNDLE_LOADER = "$(TEST_HOST)";
				INFOPLIST_FILE = SwiftHeredocExampleTests/Info.plist;
				LD_RUNPATH_SEARCH_PATHS = "$(inherited) @executable_path/Frameworks @loader_path/Frameworks";
				PRODUCT_BUNDLE_IDENTIFIER = edu.self.SwiftHeredocExampleTests;
				PRODUCT_NAME = "$(TARGET_NAME)";
				SWIFT_VERSION = 3.0;
				TEST_HOST = "$(BUILT_PRODUCTS_DIR)/SwiftHeredocExample.app/SwiftHeredocExample";
			};
			name = Release;
		};
		701CC9841E597207005BC212 /* Debug */ = {
			isa = XCBuildConfiguration;
			buildSettings = {
				ALWAYS_EMBED_SWIFT_STANDARD_LIBRARIES = YES;
				INFOPLIST_FILE = SwiftHeredocExampleUITests/Info.plist;
				LD_RUNPATH_SEARCH_PATHS = "$(inherited) @executable_path/Frameworks @loader_path/Frameworks";
				PRODUCT_BUNDLE_IDENTIFIER = edu.self.SwiftHeredocExampleUITests;
				PRODUCT_NAME = "$(TARGET_NAME)";
				SWIFT_VERSION = 3.0;
				TEST_TARGET_NAME = SwiftHeredocExample;
			};
			name = Debug;
		};
		701CC9851E597207005BC212 /* Release */ = {
			isa = XCBuildConfiguration;
			buildSettings = {
				ALWAYS_EMBED_SWIFT_STANDARD_LIBRARIES = YES;
				INFOPLIST_FILE = SwiftHeredocExampleUITests/Info.plist;
				LD_RUNPATH_SEARCH_PATHS = "$(inherited) @executable_path/Frameworks @loader_path/Frameworks";
				PRODUCT_BUNDLE_IDENTIFIER = edu.self.SwiftHeredocExampleUITests;
				PRODUCT_NAME = "$(TARGET_NAME)";
				SWIFT_VERSION = 3.0;
				TEST_TARGET_NAME = SwiftHeredocExample;
			};
			name = Release;
		};
/* End XCBuildConfiguration section */

/* Begin XCConfigurationList section */
		701CC9501E597207005BC212 /* Build configuration list for PBXProject "SwiftHeredocExample" */ = {
			isa = XCConfigurationList;
			buildConfigurations = (
				701CC97B1E597207005BC212 /* Debug */,
				701CC97C1E597207005BC212 /* Release */,
			);
			defaultConfigurationIsVisible = 0;
			defaultConfigurationName = Release;
		};
		701CC97D1E597207005BC212 /* Build configuration list for PBXNativeTarget "SwiftHeredocExample" */ = {
			isa = XCConfigurationList;
			buildConfigurations = (
				701CC97E1E597207005BC212 /* Debug */,
				701CC97F1E597207005BC212 /* Release */,
			);
			defaultConfigurationIsVisible = 0;
			defaultConfigurationName = Release;
		};
		701CC9801E597207005BC212 /* Build configuration list for PBXNativeTarget "SwiftHeredocExampleTests" */ = {
			isa = XCConfigurationList;
			buildConfigurations = (
				701CC9811E597207005BC212 /* Debug */,
				701CC9821E597207005BC212 /* Release */,
			);
			defaultConfigurationIsVisible = 0;
			defaultConfigurationName = Release;
		};
		701CC9831E597207005BC212 /* Build configuration list for PBXNativeTarget "SwiftHeredocExampleUITests" */ = {
			isa = XCConfigurationList;
			buildConfigurations = (
				701CC9841E597207005BC212 /* Debug */,
				701CC9851E597207005BC212 /* Release */,
			);
			defaultConfigurationIsVisible = 0;
			defaultConfigurationName = Release;
		};
/* End XCConfigurationList section */
	};
	rootObject = 701CC94D1E597207005BC212 /* Project object */;
}
